
Microsoft Visual Studio Solution File, Format Version 12.00
# Visual Studio 2013
VisualStudioVersion = 12.0.21005.1
MinimumVisualStudioVersion = 10.0.40219.1
Project("{FAE04EC0-301F-11D3-BF4B-00C04F79EFBC}") = "Demo1", "Demo1\Demo1.csproj", "{CF171AAF-1294-4625-81A1-5C886395B575}"
EndProject
Project("{FAE04EC0-301F-11D3-BF4B-00C04F79EFBC}") = "Demo2_FileDownload", "Demo2_FileDownload\Demo2_FileDownload.csproj", "{6B398332-AE8A-45B4-A2CE-C75CE5DC0BBA}"
EndProject
Global
	GlobalSection(SolutionConfigurationPlatforms) = preSolution
		Debug|Any CPU = Debug|Any CPU
		Release|Any CPU = Release|Any CPU
	EndGlobalSection
	GlobalSection(ProjectConfigurationPlatforms) = postSolution
		{CF171AAF-1294-4625-81A1-5C886395B575}.Debug|Any CPU.ActiveCfg = Debug|Any CPU
		{CF171AAF-1294-4625-81A1-5C886395B575}.Debug|Any CPU.Build.0 = Debug|Any CPU
		{CF171AAF-1294-4625-81A1-5C886395B575}.Release|Any CPU.ActiveCfg = Release|Any CPU
		{CF171AAF-1294-4625-81A1-5C886395B575}.Release|Any CPU.Build.0 = Release|Any CPU
		{6B398332-AE8A-45B4-A2CE-C75CE5DC0BBA}.Debug|Any CPU.ActiveCfg = Debug|Any CPU
		{6B398332-AE8A-45B4-A2CE-C75CE5DC0BBA}.Debug|Any CPU.Build.0 = Debug|Any CPU
		{6B398332-AE8A-45B4-A2CE-C75CE5DC0BBA}.Release|Any CPU.ActiveCfg = Release|Any CPU
		{6B398332-AE8A-45B4-A2CE-C75CE5DC0BBA}.Release|Any CPU.Build.0 = Release|Any CPU
	EndGlobalSection
	GlobalSection(SolutionProperties) = preSolution
		HideSolutionNode = FALSE
	EndGlobalSection
EndGlobal
