
Microsoft Visual Studio Solution File, Format Version 12.00
# Visual Studio 2013
VisualStudioVersion = 12.0.30723.0
MinimumVisualStudioVersion = 10.0.40219.1
Project("{FAE04EC0-301F-11D3-BF4B-00C04F79EFBC}") = "Demo1", "Demo1\Demo1.csproj", "{CF171AAF-1294-4625-81A1-5C886395B575}"
EndProject
Project("{FAE04EC0-301F-11D3-BF4B-00C04F79EFBC}") = "WebApp", "WebApp\WebApp.csproj", "{0C0497B1-FE14-4783-85B9-098666962926}"
EndProject
Project("{FAE04EC0-301F-11D3-BF4B-00C04F79EFBC}") = "FileDownload", "FileDownload\FileDownload.csproj", "{E67CA570-79B4-4AFE-80AB-AF2FB8A40D4B}"
EndProject
Project("{FAE04EC0-301F-11D3-BF4B-00C04F79EFBC}") = "job5", "job5\job5.csproj", "{F7CE82F7-7514-46E2-AB65-59952D2107A9}"
EndProject
Project("{FAE04EC0-301F-11D3-BF4B-00C04F79EFBC}") = "ConApp", "ConApp\ConApp.csproj", "{BE2B5274-BCDE-4519-8F29-E84DECAD734E}"
EndProject
Project("{FAE04EC0-301F-11D3-BF4B-00C04F79EFBC}") = "ConApp1", "ConApp1\ConApp1.csproj", "{49B98DE2-D5B9-466F-B849-62451913C068}"
EndProject
Project("{FAE04EC0-301F-11D3-BF4B-00C04F79EFBC}") = "Test_String", "Test_String\Test_String.csproj", "{408DCE8A-22F7-4749-AE86-55E78923741F}"
EndProject
Project("{FAE04EC0-301F-11D3-BF4B-00C04F79EFBC}") = "CalcInterest", "CalcInterest\CalcInterest.csproj", "{081B2457-BFAD-43CE-9711-A1246C2BE57D}"
EndProject
Project("{FAE04EC0-301F-11D3-BF4B-00C04F79EFBC}") = "DayofWeek", "DayofWeek\DayofWeek.csproj", "{1E4EC242-BF20-41AA-8005-55F129641163}"
EndProject
Project("{FAE04EC0-301F-11D3-BF4B-00C04F79EFBC}") = "SortNumber", "SortNumber\SortNumber.csproj", "{5908D0E1-7552-414B-8871-67828558CC68}"
EndProject
Project("{FAE04EC0-301F-11D3-BF4B-00C04F79EFBC}") = "CounterLowerChar", "CounterLowerChar\CounterLowerChar.csproj", "{3E7EADF8-A48A-4A70-885F-BBF6009F6AA9}"
EndProject
Project("{FAE04EC0-301F-11D3-BF4B-00C04F79EFBC}") = "TestForeach", "TestForeach\TestForeach.csproj", "{AE120AB1-4D0A-4199-B36A-CE06645EC67B}"
EndProject
Project("{FAE04EC0-301F-11D3-BF4B-00C04F79EFBC}") = "Display", "Display\Display.csproj", "{A9B8AC2D-7EFF-4BA2-BDEA-A5883FD4BAC9}"
EndProject
Project("{FAE04EC0-301F-11D3-BF4B-00C04F79EFBC}") = "SortNumber2", "SortNumber2\SortNumber2.csproj", "{8BB02941-9172-4E27-BAEA-8A7904B37D43}"
EndProject
Project("{FAE04EC0-301F-11D3-BF4B-00C04F79EFBC}") = "SearchHighestScore", "SearchHighestScore\SearchHighestScore.csproj", "{399DC5F7-FC68-4332-AA66-768D0F6B56B0}"
EndProject
Project("{FAE04EC0-301F-11D3-BF4B-00C04F79EFBC}") = "SearchRepeatWords", "SearchRepeatWords\SearchRepeatWords.csproj", "{503DE5A3-18FE-4260-B45A-DCEF8AA61AD9}"
EndProject
Project("{FAE04EC0-301F-11D3-BF4B-00C04F79EFBC}") = "DirAndFileName", "DirAndFileName\DirAndFileName.csproj", "{E4A9CA77-A9B9-4BE3-B9BC-3851B19B69D1}"
EndProject
Project("{FAE04EC0-301F-11D3-BF4B-00C04F79EFBC}") = "Test5_2", "Test5_2\Test5_2.csproj", "{6AF2A54F-61D7-468A-B469-D9F1292642D5}"
EndProject
Project("{FAE04EC0-301F-11D3-BF4B-00C04F79EFBC}") = "Test5_4", "Test5_4\Test5_4.csproj", "{4F365F3C-3B37-4989-8DF0-DD4B014F643A}"
EndProject
Project("{FAE04EC0-301F-11D3-BF4B-00C04F79EFBC}") = "Test5_5", "Test5_5\Test5_5.csproj", "{FAE7F305-BE98-41DE-A29D-B44F31D2AFF2}"
EndProject
Project("{FAE04EC0-301F-11D3-BF4B-00C04F79EFBC}") = "Test5_6", "Test5_6\Test5_6.csproj", "{D981162D-7BBC-4909-B1BF-0307E4029C71}"
EndProject
Project("{FAE04EC0-301F-11D3-BF4B-00C04F79EFBC}") = "Test5.1", "Test5.1\Test5.1.csproj", "{1C4755F3-4622-4751-A3DB-4BAA8008817C}"
EndProject
Project("{FAE04EC0-301F-11D3-BF4B-00C04F79EFBC}") = "Test5.2", "Test5.2\Test5.2.csproj", "{C3DFC0EB-B26D-4FB8-8DC4-01B733CF8CF3}"
EndProject
Project("{FAE04EC0-301F-11D3-BF4B-00C04F79EFBC}") = "Test5.3", "Test5.3\Test5.3.csproj", "{3D1CAF16-B4CD-4C4B-A39C-C3A061526C96}"
EndProject
Project("{FAE04EC0-301F-11D3-BF4B-00C04F79EFBC}") = "Test6.1", "Test6.1\Test6.1.csproj", "{1F2AB126-3734-49DB-B002-E9C39E461185}"
EndProject
Project("{FAE04EC0-301F-11D3-BF4B-00C04F79EFBC}") = "Test6_4", "Test6_4\Test6_4.csproj", "{49C62C6D-A251-4B58-A56C-E1E193D64B4A}"
EndProject
Project("{FAE04EC0-301F-11D3-BF4B-00C04F79EFBC}") = "Test6.2", "Test6.2\Test6.2.csproj", "{20D18DB0-DA1A-485F-90DF-45880D227F7C}"
EndProject
Project("{FAE04EC0-301F-11D3-BF4B-00C04F79EFBC}") = "Test6.3", "Test6.3\Test6.3.csproj", "{57E06D25-E5BA-4AD3-AAF8-99B45179A899}"
EndProject
Project("{FAE04EC0-301F-11D3-BF4B-00C04F79EFBC}") = "Test8_1", "Test8_1\Test8_1.csproj", "{7A151D04-118D-4B33-A438-58C54BC2B11E}"
EndProject
Global
	GlobalSection(SolutionConfigurationPlatforms) = preSolution
		Debug|Any CPU = Debug|Any CPU
		Release|Any CPU = Release|Any CPU
	EndGlobalSection
	GlobalSection(ProjectConfigurationPlatforms) = postSolution
		{CF171AAF-1294-4625-81A1-5C886395B575}.Debug|Any CPU.ActiveCfg = Debug|Any CPU
		{CF171AAF-1294-4625-81A1-5C886395B575}.Debug|Any CPU.Build.0 = Debug|Any CPU
		{CF171AAF-1294-4625-81A1-5C886395B575}.Release|Any CPU.ActiveCfg = Release|Any CPU
		{CF171AAF-1294-4625-81A1-5C886395B575}.Release|Any CPU.Build.0 = Release|Any CPU
		{0C0497B1-FE14-4783-85B9-098666962926}.Debug|Any CPU.ActiveCfg = Debug|Any CPU
		{0C0497B1-FE14-4783-85B9-098666962926}.Debug|Any CPU.Build.0 = Debug|Any CPU
		{0C0497B1-FE14-4783-85B9-098666962926}.Release|Any CPU.ActiveCfg = Release|Any CPU
		{0C0497B1-FE14-4783-85B9-098666962926}.Release|Any CPU.Build.0 = Release|Any CPU
		{E67CA570-79B4-4AFE-80AB-AF2FB8A40D4B}.Debug|Any CPU.ActiveCfg = Debug|Any CPU
		{E67CA570-79B4-4AFE-80AB-AF2FB8A40D4B}.Debug|Any CPU.Build.0 = Debug|Any CPU
		{E67CA570-79B4-4AFE-80AB-AF2FB8A40D4B}.Release|Any CPU.ActiveCfg = Release|Any CPU
		{E67CA570-79B4-4AFE-80AB-AF2FB8A40D4B}.Release|Any CPU.Build.0 = Release|Any CPU
		{F7CE82F7-7514-46E2-AB65-59952D2107A9}.Debug|Any CPU.ActiveCfg = Debug|Any CPU
		{F7CE82F7-7514-46E2-AB65-59952D2107A9}.Debug|Any CPU.Build.0 = Debug|Any CPU
		{F7CE82F7-7514-46E2-AB65-59952D2107A9}.Release|Any CPU.ActiveCfg = Release|Any CPU
		{F7CE82F7-7514-46E2-AB65-59952D2107A9}.Release|Any CPU.Build.0 = Release|Any CPU
		{BE2B5274-BCDE-4519-8F29-E84DECAD734E}.Debug|Any CPU.ActiveCfg = Debug|Any CPU
		{BE2B5274-BCDE-4519-8F29-E84DECAD734E}.Debug|Any CPU.Build.0 = Debug|Any CPU
		{BE2B5274-BCDE-4519-8F29-E84DECAD734E}.Release|Any CPU.ActiveCfg = Release|Any CPU
		{BE2B5274-BCDE-4519-8F29-E84DECAD734E}.Release|Any CPU.Build.0 = Release|Any CPU
		{49B98DE2-D5B9-466F-B849-62451913C068}.Debug|Any CPU.ActiveCfg = Debug|Any CPU
		{49B98DE2-D5B9-466F-B849-62451913C068}.Debug|Any CPU.Build.0 = Debug|Any CPU
		{49B98DE2-D5B9-466F-B849-62451913C068}.Release|Any CPU.ActiveCfg = Release|Any CPU
		{49B98DE2-D5B9-466F-B849-62451913C068}.Release|Any CPU.Build.0 = Release|Any CPU
		{408DCE8A-22F7-4749-AE86-55E78923741F}.Debug|Any CPU.ActiveCfg = Debug|Any CPU
		{408DCE8A-22F7-4749-AE86-55E78923741F}.Debug|Any CPU.Build.0 = Debug|Any CPU
		{408DCE8A-22F7-4749-AE86-55E78923741F}.Release|Any CPU.ActiveCfg = Release|Any CPU
		{408DCE8A-22F7-4749-AE86-55E78923741F}.Release|Any CPU.Build.0 = Release|Any CPU
		{081B2457-BFAD-43CE-9711-A1246C2BE57D}.Debug|Any CPU.ActiveCfg = Debug|Any CPU
		{081B2457-BFAD-43CE-9711-A1246C2BE57D}.Debug|Any CPU.Build.0 = Debug|Any CPU
		{081B2457-BFAD-43CE-9711-A1246C2BE57D}.Release|Any CPU.ActiveCfg = Release|Any CPU
		{081B2457-BFAD-43CE-9711-A1246C2BE57D}.Release|Any CPU.Build.0 = Release|Any CPU
		{1E4EC242-BF20-41AA-8005-55F129641163}.Debug|Any CPU.ActiveCfg = Debug|Any CPU
		{1E4EC242-BF20-41AA-8005-55F129641163}.Debug|Any CPU.Build.0 = Debug|Any CPU
		{1E4EC242-BF20-41AA-8005-55F129641163}.Release|Any CPU.ActiveCfg = Release|Any CPU
		{1E4EC242-BF20-41AA-8005-55F129641163}.Release|Any CPU.Build.0 = Release|Any CPU
		{5908D0E1-7552-414B-8871-67828558CC68}.Debug|Any CPU.ActiveCfg = Debug|Any CPU
		{5908D0E1-7552-414B-8871-67828558CC68}.Debug|Any CPU.Build.0 = Debug|Any CPU
		{5908D0E1-7552-414B-8871-67828558CC68}.Release|Any CPU.ActiveCfg = Release|Any CPU
		{5908D0E1-7552-414B-8871-67828558CC68}.Release|Any CPU.Build.0 = Release|Any CPU
		{3E7EADF8-A48A-4A70-885F-BBF6009F6AA9}.Debug|Any CPU.ActiveCfg = Debug|Any CPU
		{3E7EADF8-A48A-4A70-885F-BBF6009F6AA9}.Debug|Any CPU.Build.0 = Debug|Any CPU
		{3E7EADF8-A48A-4A70-885F-BBF6009F6AA9}.Release|Any CPU.ActiveCfg = Release|Any CPU
		{3E7EADF8-A48A-4A70-885F-BBF6009F6AA9}.Release|Any CPU.Build.0 = Release|Any CPU
		{AE120AB1-4D0A-4199-B36A-CE06645EC67B}.Debug|Any CPU.ActiveCfg = Debug|Any CPU
		{AE120AB1-4D0A-4199-B36A-CE06645EC67B}.Debug|Any CPU.Build.0 = Debug|Any CPU
		{AE120AB1-4D0A-4199-B36A-CE06645EC67B}.Release|Any CPU.ActiveCfg = Release|Any CPU
		{AE120AB1-4D0A-4199-B36A-CE06645EC67B}.Release|Any CPU.Build.0 = Release|Any CPU
		{A9B8AC2D-7EFF-4BA2-BDEA-A5883FD4BAC9}.Debug|Any CPU.ActiveCfg = Debug|Any CPU
		{A9B8AC2D-7EFF-4BA2-BDEA-A5883FD4BAC9}.Debug|Any CPU.Build.0 = Debug|Any CPU
		{A9B8AC2D-7EFF-4BA2-BDEA-A5883FD4BAC9}.Release|Any CPU.ActiveCfg = Release|Any CPU
		{A9B8AC2D-7EFF-4BA2-BDEA-A5883FD4BAC9}.Release|Any CPU.Build.0 = Release|Any CPU
		{8BB02941-9172-4E27-BAEA-8A7904B37D43}.Debug|Any CPU.ActiveCfg = Debug|Any CPU
		{8BB02941-9172-4E27-BAEA-8A7904B37D43}.Debug|Any CPU.Build.0 = Debug|Any CPU
		{8BB02941-9172-4E27-BAEA-8A7904B37D43}.Release|Any CPU.ActiveCfg = Release|Any CPU
		{8BB02941-9172-4E27-BAEA-8A7904B37D43}.Release|Any CPU.Build.0 = Release|Any CPU
		{399DC5F7-FC68-4332-AA66-768D0F6B56B0}.Debug|Any CPU.ActiveCfg = Debug|Any CPU
		{399DC5F7-FC68-4332-AA66-768D0F6B56B0}.Debug|Any CPU.Build.0 = Debug|Any CPU
		{399DC5F7-FC68-4332-AA66-768D0F6B56B0}.Release|Any CPU.ActiveCfg = Release|Any CPU
		{399DC5F7-FC68-4332-AA66-768D0F6B56B0}.Release|Any CPU.Build.0 = Release|Any CPU
		{503DE5A3-18FE-4260-B45A-DCEF8AA61AD9}.Debug|Any CPU.ActiveCfg = Debug|Any CPU
		{503DE5A3-18FE-4260-B45A-DCEF8AA61AD9}.Debug|Any CPU.Build.0 = Debug|Any CPU
		{503DE5A3-18FE-4260-B45A-DCEF8AA61AD9}.Release|Any CPU.ActiveCfg = Release|Any CPU
		{503DE5A3-18FE-4260-B45A-DCEF8AA61AD9}.Release|Any CPU.Build.0 = Release|Any CPU
		{E4A9CA77-A9B9-4BE3-B9BC-3851B19B69D1}.Debug|Any CPU.ActiveCfg = Debug|Any CPU
		{E4A9CA77-A9B9-4BE3-B9BC-3851B19B69D1}.Debug|Any CPU.Build.0 = Debug|Any CPU
		{E4A9CA77-A9B9-4BE3-B9BC-3851B19B69D1}.Release|Any CPU.ActiveCfg = Release|Any CPU
		{E4A9CA77-A9B9-4BE3-B9BC-3851B19B69D1}.Release|Any CPU.Build.0 = Release|Any CPU
		{6AF2A54F-61D7-468A-B469-D9F1292642D5}.Debug|Any CPU.ActiveCfg = Debug|Any CPU
		{6AF2A54F-61D7-468A-B469-D9F1292642D5}.Debug|Any CPU.Build.0 = Debug|Any CPU
		{6AF2A54F-61D7-468A-B469-D9F1292642D5}.Release|Any CPU.ActiveCfg = Release|Any CPU
		{6AF2A54F-61D7-468A-B469-D9F1292642D5}.Release|Any CPU.Build.0 = Release|Any CPU
		{4F365F3C-3B37-4989-8DF0-DD4B014F643A}.Debug|Any CPU.ActiveCfg = Debug|Any CPU
		{4F365F3C-3B37-4989-8DF0-DD4B014F643A}.Debug|Any CPU.Build.0 = Debug|Any CPU
		{4F365F3C-3B37-4989-8DF0-DD4B014F643A}.Release|Any CPU.ActiveCfg = Release|Any CPU
		{4F365F3C-3B37-4989-8DF0-DD4B014F643A}.Release|Any CPU.Build.0 = Release|Any CPU
		{FAE7F305-BE98-41DE-A29D-B44F31D2AFF2}.Debug|Any CPU.ActiveCfg = Debug|Any CPU
		{FAE7F305-BE98-41DE-A29D-B44F31D2AFF2}.Debug|Any CPU.Build.0 = Debug|Any CPU
		{FAE7F305-BE98-41DE-A29D-B44F31D2AFF2}.Release|Any CPU.ActiveCfg = Release|Any CPU
		{FAE7F305-BE98-41DE-A29D-B44F31D2AFF2}.Release|Any CPU.Build.0 = Release|Any CPU
		{D981162D-7BBC-4909-B1BF-0307E4029C71}.Debug|Any CPU.ActiveCfg = Debug|Any CPU
		{D981162D-7BBC-4909-B1BF-0307E4029C71}.Debug|Any CPU.Build.0 = Debug|Any CPU
		{D981162D-7BBC-4909-B1BF-0307E4029C71}.Release|Any CPU.ActiveCfg = Release|Any CPU
		{D981162D-7BBC-4909-B1BF-0307E4029C71}.Release|Any CPU.Build.0 = Release|Any CPU
		{1C4755F3-4622-4751-A3DB-4BAA8008817C}.Debug|Any CPU.ActiveCfg = Debug|Any CPU
		{1C4755F3-4622-4751-A3DB-4BAA8008817C}.Debug|Any CPU.Build.0 = Debug|Any CPU
		{1C4755F3-4622-4751-A3DB-4BAA8008817C}.Release|Any CPU.ActiveCfg = Release|Any CPU
		{1C4755F3-4622-4751-A3DB-4BAA8008817C}.Release|Any CPU.Build.0 = Release|Any CPU
		{C3DFC0EB-B26D-4FB8-8DC4-01B733CF8CF3}.Debug|Any CPU.ActiveCfg = Debug|Any CPU
		{C3DFC0EB-B26D-4FB8-8DC4-01B733CF8CF3}.Debug|Any CPU.Build.0 = Debug|Any CPU
		{C3DFC0EB-B26D-4FB8-8DC4-01B733CF8CF3}.Release|Any CPU.ActiveCfg = Release|Any CPU
		{C3DFC0EB-B26D-4FB8-8DC4-01B733CF8CF3}.Release|Any CPU.Build.0 = Release|Any CPU
		{3D1CAF16-B4CD-4C4B-A39C-C3A061526C96}.Debug|Any CPU.ActiveCfg = Debug|Any CPU
		{3D1CAF16-B4CD-4C4B-A39C-C3A061526C96}.Debug|Any CPU.Build.0 = Debug|Any CPU
		{3D1CAF16-B4CD-4C4B-A39C-C3A061526C96}.Release|Any CPU.ActiveCfg = Release|Any CPU
		{3D1CAF16-B4CD-4C4B-A39C-C3A061526C96}.Release|Any CPU.Build.0 = Release|Any CPU
		{1F2AB126-3734-49DB-B002-E9C39E461185}.Debug|Any CPU.ActiveCfg = Debug|Any CPU
		{1F2AB126-3734-49DB-B002-E9C39E461185}.Debug|Any CPU.Build.0 = Debug|Any CPU
		{1F2AB126-3734-49DB-B002-E9C39E461185}.Release|Any CPU.ActiveCfg = Release|Any CPU
		{1F2AB126-3734-49DB-B002-E9C39E461185}.Release|Any CPU.Build.0 = Release|Any CPU
		{49C62C6D-A251-4B58-A56C-E1E193D64B4A}.Debug|Any CPU.ActiveCfg = Debug|Any CPU
		{49C62C6D-A251-4B58-A56C-E1E193D64B4A}.Debug|Any CPU.Build.0 = Debug|Any CPU
		{49C62C6D-A251-4B58-A56C-E1E193D64B4A}.Release|Any CPU.ActiveCfg = Release|Any CPU
		{49C62C6D-A251-4B58-A56C-E1E193D64B4A}.Release|Any CPU.Build.0 = Release|Any CPU
		{20D18DB0-DA1A-485F-90DF-45880D227F7C}.Debug|Any CPU.ActiveCfg = Debug|Any CPU
		{20D18DB0-DA1A-485F-90DF-45880D227F7C}.Debug|Any CPU.Build.0 = Debug|Any CPU
		{20D18DB0-DA1A-485F-90DF-45880D227F7C}.Release|Any CPU.ActiveCfg = Release|Any CPU
		{20D18DB0-DA1A-485F-90DF-45880D227F7C}.Release|Any CPU.Build.0 = Release|Any CPU
		{57E06D25-E5BA-4AD3-AAF8-99B45179A899}.Debug|Any CPU.ActiveCfg = Debug|Any CPU
		{57E06D25-E5BA-4AD3-AAF8-99B45179A899}.Debug|Any CPU.Build.0 = Debug|Any CPU
		{57E06D25-E5BA-4AD3-AAF8-99B45179A899}.Release|Any CPU.ActiveCfg = Release|Any CPU
		{57E06D25-E5BA-4AD3-AAF8-99B45179A899}.Release|Any CPU.Build.0 = Release|Any CPU
		{7A151D04-118D-4B33-A438-58C54BC2B11E}.Debug|Any CPU.ActiveCfg = Debug|Any CPU
		{7A151D04-118D-4B33-A438-58C54BC2B11E}.Debug|Any CPU.Build.0 = Debug|Any CPU
		{7A151D04-118D-4B33-A438-58C54BC2B11E}.Release|Any CPU.ActiveCfg = Release|Any CPU
		{7A151D04-118D-4B33-A438-58C54BC2B11E}.Release|Any CPU.Build.0 = Release|Any CPU
	EndGlobalSection
	GlobalSection(SolutionProperties) = preSolution
		HideSolutionNode = FALSE
	EndGlobalSection
EndGlobal
