
Microsoft Visual Studio Solution File, Format Version 12.00
# Visual Studio 2013
VisualStudioVersion = 12.0.21005.1
MinimumVisualStudioVersion = 10.0.40219.1
Project("{FAE04EC0-301F-11D3-BF4B-00C04F79EFBC}") = "Demo1", "Demo1\Demo1.csproj", "{CF171AAF-1294-4625-81A1-5C886395B575}"
EndProject
Project("{FAE04EC0-301F-11D3-BF4B-00C04F79EFBC}") = "WebApp", "WebApp\WebApp.csproj", "{0C0497B1-FE14-4783-85B9-098666962926}"
EndProject
Project("{FAE04EC0-301F-11D3-BF4B-00C04F79EFBC}") = "FileDownload", "FileDownload\FileDownload.csproj", "{E67CA570-79B4-4AFE-80AB-AF2FB8A40D4B}"
EndProject
Project("{FAE04EC0-301F-11D3-BF4B-00C04F79EFBC}") = "job5", "job5\job5.csproj", "{F7CE82F7-7514-46E2-AB65-59952D2107A9}"
EndProject
Project("{FAE04EC0-301F-11D3-BF4B-00C04F79EFBC}") = "ConApp", "ConApp\ConApp.csproj", "{BE2B5274-BCDE-4519-8F29-E84DECAD734E}"
EndProject
Project("{FAE04EC0-301F-11D3-BF4B-00C04F79EFBC}") = "ConApp1", "ConApp1\ConApp1.csproj", "{49B98DE2-D5B9-466F-B849-62451913C068}"
EndProject
Project("{FAE04EC0-301F-11D3-BF4B-00C04F79EFBC}") = "WinForm1", "WindowsFormsApplication1\WinForm1.csproj", "{E432F8E8-4895-4195-8CB6-86C8CE6C0C6E}"
EndProject
Project("{FAE04EC0-301F-11D3-BF4B-00C04F79EFBC}") = "Test_String", "Test_String\Test_String.csproj", "{408DCE8A-22F7-4749-AE86-55E78923741F}"
EndProject
Project("{FAE04EC0-301F-11D3-BF4B-00C04F79EFBC}") = "CalcInterest", "CalcInterest\CalcInterest.csproj", "{081B2457-BFAD-43CE-9711-A1246C2BE57D}"
EndProject
Project("{FAE04EC0-301F-11D3-BF4B-00C04F79EFBC}") = "DayofWeek", "DayofWeek\DayofWeek.csproj", "{1E4EC242-BF20-41AA-8005-55F129641163}"
EndProject
Project("{FAE04EC0-301F-11D3-BF4B-00C04F79EFBC}") = "SortNumber", "SortNumber\SortNumber.csproj", "{5908D0E1-7552-414B-8871-67828558CC68}"
EndProject
Project("{FAE04EC0-301F-11D3-BF4B-00C04F79EFBC}") = "CounterLowerChar", "CounterLowerChar\CounterLowerChar.csproj", "{3E7EADF8-A48A-4A70-885F-BBF6009F6AA9}"
EndProject
Project("{FAE04EC0-301F-11D3-BF4B-00C04F79EFBC}") = "TestForeach", "TestForeach\TestForeach.csproj", "{AE120AB1-4D0A-4199-B36A-CE06645EC67B}"
EndProject
Project("{FAE04EC0-301F-11D3-BF4B-00C04F79EFBC}") = "Display", "Display\Display.csproj", "{A9B8AC2D-7EFF-4BA2-BDEA-A5883FD4BAC9}"
EndProject
Project("{FAE04EC0-301F-11D3-BF4B-00C04F79EFBC}") = "SortNumber2", "SortNumber2\SortNumber2.csproj", "{8BB02941-9172-4E27-BAEA-8A7904B37D43}"
EndProject
Project("{FAE04EC0-301F-11D3-BF4B-00C04F79EFBC}") = "SearchHighestScore", "SearchHighestScore\SearchHighestScore.csproj", "{399DC5F7-FC68-4332-AA66-768D0F6B56B0}"
EndProject
Project("{FAE04EC0-301F-11D3-BF4B-00C04F79EFBC}") = "SearchRepeatWords", "SearchRepeatWords\SearchRepeatWords.csproj", "{503DE5A3-18FE-4260-B45A-DCEF8AA61AD9}"
EndProject
Global
	GlobalSection(SolutionConfigurationPlatforms) = preSolution
		Debug|Any CPU = Debug|Any CPU
		Release|Any CPU = Release|Any CPU
	EndGlobalSection
	GlobalSection(ProjectConfigurationPlatforms) = postSolution
		{CF171AAF-1294-4625-81A1-5C886395B575}.Debug|Any CPU.ActiveCfg = Debug|Any CPU
		{CF171AAF-1294-4625-81A1-5C886395B575}.Debug|Any CPU.Build.0 = Debug|Any CPU
		{CF171AAF-1294-4625-81A1-5C886395B575}.Release|Any CPU.ActiveCfg = Release|Any CPU
		{CF171AAF-1294-4625-81A1-5C886395B575}.Release|Any CPU.Build.0 = Release|Any CPU
		{0C0497B1-FE14-4783-85B9-098666962926}.Debug|Any CPU.ActiveCfg = Debug|Any CPU
		{0C0497B1-FE14-4783-85B9-098666962926}.Debug|Any CPU.Build.0 = Debug|Any CPU
		{0C0497B1-FE14-4783-85B9-098666962926}.Release|Any CPU.ActiveCfg = Release|Any CPU
		{0C0497B1-FE14-4783-85B9-098666962926}.Release|Any CPU.Build.0 = Release|Any CPU
		{E67CA570-79B4-4AFE-80AB-AF2FB8A40D4B}.Debug|Any CPU.ActiveCfg = Debug|Any CPU
		{E67CA570-79B4-4AFE-80AB-AF2FB8A40D4B}.Debug|Any CPU.Build.0 = Debug|Any CPU
		{E67CA570-79B4-4AFE-80AB-AF2FB8A40D4B}.Release|Any CPU.ActiveCfg = Release|Any CPU
		{E67CA570-79B4-4AFE-80AB-AF2FB8A40D4B}.Release|Any CPU.Build.0 = Release|Any CPU
		{F7CE82F7-7514-46E2-AB65-59952D2107A9}.Debug|Any CPU.ActiveCfg = Debug|Any CPU
		{F7CE82F7-7514-46E2-AB65-59952D2107A9}.Debug|Any CPU.Build.0 = Debug|Any CPU
		{F7CE82F7-7514-46E2-AB65-59952D2107A9}.Release|Any CPU.ActiveCfg = Release|Any CPU
		{F7CE82F7-7514-46E2-AB65-59952D2107A9}.Release|Any CPU.Build.0 = Release|Any CPU
		{BE2B5274-BCDE-4519-8F29-E84DECAD734E}.Debug|Any CPU.ActiveCfg = Debug|Any CPU
		{BE2B5274-BCDE-4519-8F29-E84DECAD734E}.Debug|Any CPU.Build.0 = Debug|Any CPU
		{BE2B5274-BCDE-4519-8F29-E84DECAD734E}.Release|Any CPU.ActiveCfg = Release|Any CPU
		{BE2B5274-BCDE-4519-8F29-E84DECAD734E}.Release|Any CPU.Build.0 = Release|Any CPU
		{49B98DE2-D5B9-466F-B849-62451913C068}.Debug|Any CPU.ActiveCfg = Debug|Any CPU
		{49B98DE2-D5B9-466F-B849-62451913C068}.Debug|Any CPU.Build.0 = Debug|Any CPU
		{49B98DE2-D5B9-466F-B849-62451913C068}.Release|Any CPU.ActiveCfg = Release|Any CPU
		{49B98DE2-D5B9-466F-B849-62451913C068}.Release|Any CPU.Build.0 = Release|Any CPU
		{E432F8E8-4895-4195-8CB6-86C8CE6C0C6E}.Debug|Any CPU.ActiveCfg = Debug|Any CPU
		{E432F8E8-4895-4195-8CB6-86C8CE6C0C6E}.Debug|Any CPU.Build.0 = Debug|Any CPU
		{E432F8E8-4895-4195-8CB6-86C8CE6C0C6E}.Release|Any CPU.ActiveCfg = Release|Any CPU
		{E432F8E8-4895-4195-8CB6-86C8CE6C0C6E}.Release|Any CPU.Build.0 = Release|Any CPU
		{408DCE8A-22F7-4749-AE86-55E78923741F}.Debug|Any CPU.ActiveCfg = Debug|Any CPU
		{408DCE8A-22F7-4749-AE86-55E78923741F}.Debug|Any CPU.Build.0 = Debug|Any CPU
		{408DCE8A-22F7-4749-AE86-55E78923741F}.Release|Any CPU.ActiveCfg = Release|Any CPU
		{408DCE8A-22F7-4749-AE86-55E78923741F}.Release|Any CPU.Build.0 = Release|Any CPU
		{081B2457-BFAD-43CE-9711-A1246C2BE57D}.Debug|Any CPU.ActiveCfg = Debug|Any CPU
		{081B2457-BFAD-43CE-9711-A1246C2BE57D}.Debug|Any CPU.Build.0 = Debug|Any CPU
		{081B2457-BFAD-43CE-9711-A1246C2BE57D}.Release|Any CPU.ActiveCfg = Release|Any CPU
		{081B2457-BFAD-43CE-9711-A1246C2BE57D}.Release|Any CPU.Build.0 = Release|Any CPU
		{1E4EC242-BF20-41AA-8005-55F129641163}.Debug|Any CPU.ActiveCfg = Debug|Any CPU
		{1E4EC242-BF20-41AA-8005-55F129641163}.Debug|Any CPU.Build.0 = Debug|Any CPU
		{1E4EC242-BF20-41AA-8005-55F129641163}.Release|Any CPU.ActiveCfg = Release|Any CPU
		{1E4EC242-BF20-41AA-8005-55F129641163}.Release|Any CPU.Build.0 = Release|Any CPU
		{5908D0E1-7552-414B-8871-67828558CC68}.Debug|Any CPU.ActiveCfg = Debug|Any CPU
		{5908D0E1-7552-414B-8871-67828558CC68}.Debug|Any CPU.Build.0 = Debug|Any CPU
		{5908D0E1-7552-414B-8871-67828558CC68}.Release|Any CPU.ActiveCfg = Release|Any CPU
		{5908D0E1-7552-414B-8871-67828558CC68}.Release|Any CPU.Build.0 = Release|Any CPU
		{3E7EADF8-A48A-4A70-885F-BBF6009F6AA9}.Debug|Any CPU.ActiveCfg = Debug|Any CPU
		{3E7EADF8-A48A-4A70-885F-BBF6009F6AA9}.Debug|Any CPU.Build.0 = Debug|Any CPU
		{3E7EADF8-A48A-4A70-885F-BBF6009F6AA9}.Release|Any CPU.ActiveCfg = Release|Any CPU
		{3E7EADF8-A48A-4A70-885F-BBF6009F6AA9}.Release|Any CPU.Build.0 = Release|Any CPU
		{AE120AB1-4D0A-4199-B36A-CE06645EC67B}.Debug|Any CPU.ActiveCfg = Debug|Any CPU
		{AE120AB1-4D0A-4199-B36A-CE06645EC67B}.Debug|Any CPU.Build.0 = Debug|Any CPU
		{AE120AB1-4D0A-4199-B36A-CE06645EC67B}.Release|Any CPU.ActiveCfg = Release|Any CPU
		{AE120AB1-4D0A-4199-B36A-CE06645EC67B}.Release|Any CPU.Build.0 = Release|Any CPU
		{A9B8AC2D-7EFF-4BA2-BDEA-A5883FD4BAC9}.Debug|Any CPU.ActiveCfg = Debug|Any CPU
		{A9B8AC2D-7EFF-4BA2-BDEA-A5883FD4BAC9}.Debug|Any CPU.Build.0 = Debug|Any CPU
		{A9B8AC2D-7EFF-4BA2-BDEA-A5883FD4BAC9}.Release|Any CPU.ActiveCfg = Release|Any CPU
		{A9B8AC2D-7EFF-4BA2-BDEA-A5883FD4BAC9}.Release|Any CPU.Build.0 = Release|Any CPU
		{8BB02941-9172-4E27-BAEA-8A7904B37D43}.Debug|Any CPU.ActiveCfg = Debug|Any CPU
		{8BB02941-9172-4E27-BAEA-8A7904B37D43}.Debug|Any CPU.Build.0 = Debug|Any CPU
		{8BB02941-9172-4E27-BAEA-8A7904B37D43}.Release|Any CPU.ActiveCfg = Release|Any CPU
		{8BB02941-9172-4E27-BAEA-8A7904B37D43}.Release|Any CPU.Build.0 = Release|Any CPU
		{399DC5F7-FC68-4332-AA66-768D0F6B56B0}.Debug|Any CPU.ActiveCfg = Debug|Any CPU
		{399DC5F7-FC68-4332-AA66-768D0F6B56B0}.Debug|Any CPU.Build.0 = Debug|Any CPU
		{399DC5F7-FC68-4332-AA66-768D0F6B56B0}.Release|Any CPU.ActiveCfg = Release|Any CPU
		{399DC5F7-FC68-4332-AA66-768D0F6B56B0}.Release|Any CPU.Build.0 = Release|Any CPU
		{503DE5A3-18FE-4260-B45A-DCEF8AA61AD9}.Debug|Any CPU.ActiveCfg = Debug|Any CPU
		{503DE5A3-18FE-4260-B45A-DCEF8AA61AD9}.Debug|Any CPU.Build.0 = Debug|Any CPU
		{503DE5A3-18FE-4260-B45A-DCEF8AA61AD9}.Release|Any CPU.ActiveCfg = Release|Any CPU
		{503DE5A3-18FE-4260-B45A-DCEF8AA61AD9}.Release|Any CPU.Build.0 = Release|Any CPU
	EndGlobalSection
	GlobalSection(SolutionProperties) = preSolution
		HideSolutionNode = FALSE
	EndGlobalSection
EndGlobal
