
Microsoft Visual Studio Solution File, Format Version 12.00
# Visual Studio 2013
VisualStudioVersion = 12.0.30723.0
MinimumVisualStudioVersion = 10.0.40219.1
Project("{FAE04EC0-301F-11D3-BF4B-00C04F79EFBC}") = "MyAccounting", "MyAccounting\MyAccounting.csproj", "{16094D54-21BE-4B50-91DE-463454530265}"
EndProject
Project("{FAE04EC0-301F-11D3-BF4B-00C04F79EFBC}") = "FontEdit", "FontEdit\FontEdit.csproj", "{8287F61D-5A99-4603-81D8-DAE517A76316}"
EndProject
Project("{FAE04EC0-301F-11D3-BF4B-00C04F79EFBC}") = "ContactList", "ContactList\ContactList.csproj", "{2CA5F26B-76DA-4286-811B-331FEEBDDEA3}"
EndProject
Project("{FAE04EC0-301F-11D3-BF4B-00C04F79EFBC}") = "WriteAndReadFile", "WindowsFormsApplication2\WriteAndReadFile.csproj", "{B6F6DF73-F599-4799-89AC-09F12559705C}"
EndProject
Project("{FAE04EC0-301F-11D3-BF4B-00C04F79EFBC}") = "Test11-7", "Test11-6\Test11-7.csproj", "{1ECDDFB8-CB04-4CDB-A793-6B15FCD0BFB0}"
EndProject
Project("{FAE04EC0-301F-11D3-BF4B-00C04F79EFBC}") = "Test12-2", "Test12-2\Test12-2.csproj", "{7AF81E2E-C021-4765-A7F7-3D87D6AC2E81}"
EndProject
Global
	GlobalSection(SolutionConfigurationPlatforms) = preSolution
		Debug|Any CPU = Debug|Any CPU
		Release|Any CPU = Release|Any CPU
	EndGlobalSection
	GlobalSection(ProjectConfigurationPlatforms) = postSolution
		{16094D54-21BE-4B50-91DE-463454530265}.Debug|Any CPU.ActiveCfg = Debug|Any CPU
		{16094D54-21BE-4B50-91DE-463454530265}.Debug|Any CPU.Build.0 = Debug|Any CPU
		{16094D54-21BE-4B50-91DE-463454530265}.Release|Any CPU.ActiveCfg = Release|Any CPU
		{16094D54-21BE-4B50-91DE-463454530265}.Release|Any CPU.Build.0 = Release|Any CPU
		{8287F61D-5A99-4603-81D8-DAE517A76316}.Debug|Any CPU.ActiveCfg = Debug|Any CPU
		{8287F61D-5A99-4603-81D8-DAE517A76316}.Debug|Any CPU.Build.0 = Debug|Any CPU
		{8287F61D-5A99-4603-81D8-DAE517A76316}.Release|Any CPU.ActiveCfg = Release|Any CPU
		{8287F61D-5A99-4603-81D8-DAE517A76316}.Release|Any CPU.Build.0 = Release|Any CPU
		{2CA5F26B-76DA-4286-811B-331FEEBDDEA3}.Debug|Any CPU.ActiveCfg = Debug|Any CPU
		{2CA5F26B-76DA-4286-811B-331FEEBDDEA3}.Debug|Any CPU.Build.0 = Debug|Any CPU
		{2CA5F26B-76DA-4286-811B-331FEEBDDEA3}.Release|Any CPU.ActiveCfg = Release|Any CPU
		{2CA5F26B-76DA-4286-811B-331FEEBDDEA3}.Release|Any CPU.Build.0 = Release|Any CPU
		{B6F6DF73-F599-4799-89AC-09F12559705C}.Debug|Any CPU.ActiveCfg = Debug|Any CPU
		{B6F6DF73-F599-4799-89AC-09F12559705C}.Debug|Any CPU.Build.0 = Debug|Any CPU
		{B6F6DF73-F599-4799-89AC-09F12559705C}.Release|Any CPU.ActiveCfg = Release|Any CPU
		{B6F6DF73-F599-4799-89AC-09F12559705C}.Release|Any CPU.Build.0 = Release|Any CPU
		{1ECDDFB8-CB04-4CDB-A793-6B15FCD0BFB0}.Debug|Any CPU.ActiveCfg = Debug|Any CPU
		{1ECDDFB8-CB04-4CDB-A793-6B15FCD0BFB0}.Debug|Any CPU.Build.0 = Debug|Any CPU
		{1ECDDFB8-CB04-4CDB-A793-6B15FCD0BFB0}.Release|Any CPU.ActiveCfg = Release|Any CPU
		{1ECDDFB8-CB04-4CDB-A793-6B15FCD0BFB0}.Release|Any CPU.Build.0 = Release|Any CPU
		{7AF81E2E-C021-4765-A7F7-3D87D6AC2E81}.Debug|Any CPU.ActiveCfg = Debug|Any CPU
		{7AF81E2E-C021-4765-A7F7-3D87D6AC2E81}.Debug|Any CPU.Build.0 = Debug|Any CPU
		{7AF81E2E-C021-4765-A7F7-3D87D6AC2E81}.Release|Any CPU.ActiveCfg = Release|Any CPU
		{7AF81E2E-C021-4765-A7F7-3D87D6AC2E81}.Release|Any CPU.Build.0 = Release|Any CPU
	EndGlobalSection
	GlobalSection(SolutionProperties) = preSolution
		HideSolutionNode = FALSE
	EndGlobalSection
EndGlobal
